// !$*UTF8*$!
{
	archiveVersion = 1;
	classes = {
	};
	objectVersion = 55;
	objects = {

/* Begin PBXBuildFile section */
		26215274284E52620046A1F1 /* RecoDetaillViewController.swift in Sources */ = {isa = PBXBuildFile; fileRef = 26215273284E52620046A1F1 /* RecoDetaillViewController.swift */; };
		26215276284E63F40046A1F1 /* GoogleService-Info.plist in Resources */ = {isa = PBXBuildFile; fileRef = 26215275284E63F40046A1F1 /* GoogleService-Info.plist */; };
		2621527C284E6B460046A1F1 /* Recommendation.swift in Sources */ = {isa = PBXBuildFile; fileRef = 2621527B284E6B460046A1F1 /* Recommendation.swift */; };
		2621527E284E70D90046A1F1 /* SignUpViewController.swift in Sources */ = {isa = PBXBuildFile; fileRef = 2621527D284E70D90046A1F1 /* SignUpViewController.swift */; };
		2636D3A6284E4A9C00FB4DC2 /* AppDelegate.swift in Sources */ = {isa = PBXBuildFile; fileRef = 2636D3A5284E4A9C00FB4DC2 /* AppDelegate.swift */; };
		2636D3A8284E4A9C00FB4DC2 /* SceneDelegate.swift in Sources */ = {isa = PBXBuildFile; fileRef = 2636D3A7284E4A9C00FB4DC2 /* SceneDelegate.swift */; };
		2636D3AA284E4A9C00FB4DC2 /* ViewController.swift in Sources */ = {isa = PBXBuildFile; fileRef = 2636D3A9284E4A9C00FB4DC2 /* ViewController.swift */; };
		2636D3AD284E4A9C00FB4DC2 /* Main.storyboard in Resources */ = {isa = PBXBuildFile; fileRef = 2636D3AB284E4A9C00FB4DC2 /* Main.storyboard */; };
		2636D3AF284E4A9C00FB4DC2 /* Assets.xcassets in Resources */ = {isa = PBXBuildFile; fileRef = 2636D3AE284E4A9C00FB4DC2 /* Assets.xcassets */; };
		2636D3B2284E4A9C00FB4DC2 /* LaunchScreen.storyboard in Resources */ = {isa = PBXBuildFile; fileRef = 2636D3B0284E4A9C00FB4DC2 /* LaunchScreen.storyboard */; };
		2636D3BB284E4D3300FB4DC2 /* FirebaseAuth in Frameworks */ = {isa = PBXBuildFile; productRef = 2636D3BA284E4D3300FB4DC2 /* FirebaseAuth */; };
		2636D3BD284E4D3300FB4DC2 /* FirebaseDatabase in Frameworks */ = {isa = PBXBuildFile; productRef = 2636D3BC284E4D3300FB4DC2 /* FirebaseDatabase */; };
		2636D3BF284E4D3300FB4DC2 /* FirebaseFirestore in Frameworks */ = {isa = PBXBuildFile; productRef = 2636D3BE284E4D3300FB4DC2 /* FirebaseFirestore */; };
		2636D3C1284E4D3300FB4DC2 /* FirebaseStorage in Frameworks */ = {isa = PBXBuildFile; productRef = 2636D3C0284E4D3300FB4DC2 /* FirebaseStorage */; };
		2636D3C3284E515300FB4DC2 /* HomeViewController.swift in Sources */ = {isa = PBXBuildFile; fileRef = 2636D3C2284E515300FB4DC2 /* HomeViewController.swift */; };
		2636D3C5284E518600FB4DC2 /* AddRecoViewController.swift in Sources */ = {isa = PBXBuildFile; fileRef = 2636D3C4284E518600FB4DC2 /* AddRecoViewController.swift */; };
		26DD9F152850222C0021B476 /* MyCollectionViewCell.swift in Sources */ = {isa = PBXBuildFile; fileRef = 26DD9F132850222C0021B476 /* MyCollectionViewCell.swift */; };
		26DD9F162850222C0021B476 /* MyCollectionViewCell.xib in Resources */ = {isa = PBXBuildFile; fileRef = 26DD9F142850222C0021B476 /* MyCollectionViewCell.xib */; };
		26E8B4742851077F0073CAD0 /* PinterestLayout.swift in Sources */ = {isa = PBXBuildFile; fileRef = 26E8B4732851077F0073CAD0 /* PinterestLayout.swift */; };
		3866E0228D17308C4662F95D /* Pods_myFirstProject.framework in Frameworks */ = {isa = PBXBuildFile; fileRef = 8D6490DE7C2C81FF38B10377 /* Pods_myFirstProject.framework */; };
/* End PBXBuildFile section */

/* Begin PBXFileReference section */
		26215273284E52620046A1F1 /* RecoDetaillViewController.swift */ = {isa = PBXFileReference; lastKnownFileType = sourcecode.swift; path = RecoDetaillViewController.swift; sourceTree = "<group>"; };
		26215275284E63F40046A1F1 /* GoogleService-Info.plist */ = {isa = PBXFileReference; fileEncoding = 4; lastKnownFileType = text.plist.xml; path = "GoogleService-Info.plist"; sourceTree = "<group>"; };
		2621527B284E6B460046A1F1 /* Recommendation.swift */ = {isa = PBXFileReference; lastKnownFileType = sourcecode.swift; path = Recommendation.swift; sourceTree = "<group>"; };
		2621527D284E70D90046A1F1 /* SignUpViewController.swift */ = {isa = PBXFileReference; lastKnownFileType = sourcecode.swift; path = SignUpViewController.swift; sourceTree = "<group>"; };
		2636D3A2284E4A9C00FB4DC2 /* myFirstProject.app */ = {isa = PBXFileReference; explicitFileType = wrapper.application; includeInIndex = 0; path = myFirstProject.app; sourceTree = BUILT_PRODUCTS_DIR; };
		2636D3A5284E4A9C00FB4DC2 /* AppDelegate.swift */ = {isa = PBXFileReference; lastKnownFileType = sourcecode.swift; path = AppDelegate.swift; sourceTree = "<group>"; };
		2636D3A7284E4A9C00FB4DC2 /* SceneDelegate.swift */ = {isa = PBXFileReference; lastKnownFileType = sourcecode.swift; path = SceneDelegate.swift; sourceTree = "<group>"; };
		2636D3A9284E4A9C00FB4DC2 /* ViewController.swift */ = {isa = PBXFileReference; lastKnownFileType = sourcecode.swift; path = ViewController.swift; sourceTree = "<group>"; };
		2636D3AC284E4A9C00FB4DC2 /* Base */ = {isa = PBXFileReference; lastKnownFileType = file.storyboard; name = Base; path = Base.lproj/Main.storyboard; sourceTree = "<group>"; };
		2636D3AE284E4A9C00FB4DC2 /* Assets.xcassets */ = {isa = PBXFileReference; lastKnownFileType = folder.assetcatalog; path = Assets.xcassets; sourceTree = "<group>"; };
		2636D3B1284E4A9C00FB4DC2 /* Base */ = {isa = PBXFileReference; lastKnownFileType = file.storyboard; name = Base; path = Base.lproj/LaunchScreen.storyboard; sourceTree = "<group>"; };
		2636D3B3284E4A9C00FB4DC2 /* Info.plist */ = {isa = PBXFileReference; lastKnownFileType = text.plist.xml; path = Info.plist; sourceTree = "<group>"; };
		2636D3C2284E515300FB4DC2 /* HomeViewController.swift */ = {isa = PBXFileReference; lastKnownFileType = sourcecode.swift; path = HomeViewController.swift; sourceTree = "<group>"; };
		2636D3C4284E518600FB4DC2 /* AddRecoViewController.swift */ = {isa = PBXFileReference; lastKnownFileType = sourcecode.swift; path = AddRecoViewController.swift; sourceTree = "<group>"; };
		26DD9F132850222C0021B476 /* MyCollectionViewCell.swift */ = {isa = PBXFileReference; lastKnownFileType = sourcecode.swift; path = MyCollectionViewCell.swift; sourceTree = "<group>"; };
		26DD9F142850222C0021B476 /* MyCollectionViewCell.xib */ = {isa = PBXFileReference; lastKnownFileType = file.xib; path = MyCollectionViewCell.xib; sourceTree = "<group>"; };
		26E8B4732851077F0073CAD0 /* PinterestLayout.swift */ = {isa = PBXFileReference; lastKnownFileType = sourcecode.swift; path = PinterestLayout.swift; sourceTree = "<group>"; };
		77AEA98EFF8C8F66FC18EBC1 /* Pods-myFirstProject.release.xcconfig */ = {isa = PBXFileReference; includeInIndex = 1; lastKnownFileType = text.xcconfig; name = "Pods-myFirstProject.release.xcconfig"; path = "Target Support Files/Pods-myFirstProject/Pods-myFirstProject.release.xcconfig"; sourceTree = "<group>"; };
		8D6490DE7C2C81FF38B10377 /* Pods_myFirstProject.framework */ = {isa = PBXFileReference; explicitFileType = wrapper.framework; includeInIndex = 0; path = Pods_myFirstProject.framework; sourceTree = BUILT_PRODUCTS_DIR; };
		B9875E4C20A9DEAEC58238DF /* Pods-myFirstProject.debug.xcconfig */ = {isa = PBXFileReference; includeInIndex = 1; lastKnownFileType = text.xcconfig; name = "Pods-myFirstProject.debug.xcconfig"; path = "Target Support Files/Pods-myFirstProject/Pods-myFirstProject.debug.xcconfig"; sourceTree = "<group>"; };
/* End PBXFileReference section */

/* Begin PBXFrameworksBuildPhase section */
		2636D39F284E4A9C00FB4DC2 /* Frameworks */ = {
			isa = PBXFrameworksBuildPhase;
			buildActionMask = 2147483647;
			files = (
				2636D3BD284E4D3300FB4DC2 /* FirebaseDatabase in Frameworks */,
				2636D3C1284E4D3300FB4DC2 /* FirebaseStorage in Frameworks */,
				2636D3BB284E4D3300FB4DC2 /* FirebaseAuth in Frameworks */,
				2636D3BF284E4D3300FB4DC2 /* FirebaseFirestore in Frameworks */,
				3866E0228D17308C4662F95D /* Pods_myFirstProject.framework in Frameworks */,
			);
			runOnlyForDeploymentPostprocessing = 0;
		};
/* End PBXFrameworksBuildPhase section */

/* Begin PBXGroup section */
		2636D399284E4A9C00FB4DC2 = {
			isa = PBXGroup;
			children = (
				2636D3A4284E4A9C00FB4DC2 /* myFirstProject */,
				2636D3A3284E4A9C00FB4DC2 /* Products */,
				C86B6A6AFCE3EDC95F485AE8 /* Pods */,
				6AC514C4EACDA42DC515FDC7 /* Frameworks */,
			);
			sourceTree = "<group>";
		};
		2636D3A3284E4A9C00FB4DC2 /* Products */ = {
			isa = PBXGroup;
			children = (
				2636D3A2284E4A9C00FB4DC2 /* myFirstProject.app */,
			);
			name = Products;
			sourceTree = "<group>";
		};
		2636D3A4284E4A9C00FB4DC2 /* myFirstProject */ = {
			isa = PBXGroup;
			children = (
				2636D3A5284E4A9C00FB4DC2 /* AppDelegate.swift */,
				2636D3A7284E4A9C00FB4DC2 /* SceneDelegate.swift */,
				2636D3A9284E4A9C00FB4DC2 /* ViewController.swift */,
				26215273284E52620046A1F1 /* RecoDetaillViewController.swift */,
				26215275284E63F40046A1F1 /* GoogleService-Info.plist */,
				2621527B284E6B460046A1F1 /* Recommendation.swift */,
				2636D3AB284E4A9C00FB4DC2 /* Main.storyboard */,
				2636D3C2284E515300FB4DC2 /* HomeViewController.swift */,
				2621527D284E70D90046A1F1 /* SignUpViewController.swift */,
				2636D3C4284E518600FB4DC2 /* AddRecoViewController.swift */,
				26DD9F132850222C0021B476 /* MyCollectionViewCell.swift */,
				26E8B4732851077F0073CAD0 /* PinterestLayout.swift */,
				26DD9F142850222C0021B476 /* MyCollectionViewCell.xib */,
				2636D3AE284E4A9C00FB4DC2 /* Assets.xcassets */,
				2636D3B0284E4A9C00FB4DC2 /* LaunchScreen.storyboard */,
				2636D3B3284E4A9C00FB4DC2 /* Info.plist */,
			);
			path = myFirstProject;
			sourceTree = "<group>";
		};
		6AC514C4EACDA42DC515FDC7 /* Frameworks */ = {
			isa = PBXGroup;
			children = (
				8D6490DE7C2C81FF38B10377 /* Pods_myFirstProject.framework */,
			);
			name = Frameworks;
			sourceTree = "<group>";
		};
		C86B6A6AFCE3EDC95F485AE8 /* Pods */ = {
			isa = PBXGroup;
			children = (
				B9875E4C20A9DEAEC58238DF /* Pods-myFirstProject.debug.xcconfig */,
				77AEA98EFF8C8F66FC18EBC1 /* Pods-myFirstProject.release.xcconfig */,
			);
			path = Pods;
			sourceTree = "<group>";
		};
/* End PBXGroup section */

/* Begin PBXNativeTarget section */
		2636D3A1284E4A9C00FB4DC2 /* myFirstProject */ = {
			isa = PBXNativeTarget;
			buildConfigurationList = 2636D3B6284E4A9C00FB4DC2 /* Build configuration list for PBXNativeTarget "myFirstProject" */;
			buildPhases = (
				EE662D9D3DBD54A33B29483C /* [CP] Check Pods Manifest.lock */,
				2636D39E284E4A9C00FB4DC2 /* Sources */,
				2636D39F284E4A9C00FB4DC2 /* Frameworks */,
				2636D3A0284E4A9C00FB4DC2 /* Resources */,
			);
			buildRules = (
			);
			dependencies = (
			);
			name = myFirstProject;
			packageProductDependencies = (
				2636D3BA284E4D3300FB4DC2 /* FirebaseAuth */,
				2636D3BC284E4D3300FB4DC2 /* FirebaseDatabase */,
				2636D3BE284E4D3300FB4DC2 /* FirebaseFirestore */,
				2636D3C0284E4D3300FB4DC2 /* FirebaseStorage */,
			);
			productName = myFirstProject;
			productReference = 2636D3A2284E4A9C00FB4DC2 /* myFirstProject.app */;
			productType = "com.apple.product-type.application";
		};
/* End PBXNativeTarget section */

/* Begin PBXProject section */
		2636D39A284E4A9C00FB4DC2 /* Project object */ = {
			isa = PBXProject;
			attributes = {
				BuildIndependentTargetsInParallel = 1;
				LastSwiftUpdateCheck = 1320;
				LastUpgradeCheck = 1320;
				TargetAttributes = {
					2636D3A1284E4A9C00FB4DC2 = {
						CreatedOnToolsVersion = 13.2.1;
					};
				};
			};
			buildConfigurationList = 2636D39D284E4A9C00FB4DC2 /* Build configuration list for PBXProject "myFirstProject" */;
			compatibilityVersion = "Xcode 13.0";
			developmentRegion = en;
			hasScannedForEncodings = 0;
			knownRegions = (
				en,
				Base,
			);
			mainGroup = 2636D399284E4A9C00FB4DC2;
			packageReferences = (
				2636D3B9284E4D3300FB4DC2 /* XCRemoteSwiftPackageReference "firebase-ios-sdk.git" */,
			);
			productRefGroup = 2636D3A3284E4A9C00FB4DC2 /* Products */;
			projectDirPath = "";
			projectRoot = "";
			targets = (
				2636D3A1284E4A9C00FB4DC2 /* myFirstProject */,
			);
		};
/* End PBXProject section */

/* Begin PBXResourcesBuildPhase section */
		2636D3A0284E4A9C00FB4DC2 /* Resources */ = {
			isa = PBXResourcesBuildPhase;
			buildActionMask = 2147483647;
			files = (
				26DD9F162850222C0021B476 /* MyCollectionViewCell.xib in Resources */,
				2636D3B2284E4A9C00FB4DC2 /* LaunchScreen.storyboard in Resources */,
				26215276284E63F40046A1F1 /* GoogleService-Info.plist in Resources */,
				2636D3AF284E4A9C00FB4DC2 /* Assets.xcassets in Resources */,
				2636D3AD284E4A9C00FB4DC2 /* Main.storyboard in Resources */,
			);
			runOnlyForDeploymentPostprocessing = 0;
		};
/* End PBXResourcesBuildPhase section */

/* Begin PBXShellScriptBuildPhase section */
		EE662D9D3DBD54A33B29483C /* [CP] Check Pods Manifest.lock */ = {
			isa = PBXShellScriptBuildPhase;
			buildActionMask = 2147483647;
			files = (
			);
			inputFileListPaths = (
			);
			inputPaths = (
				"${PODS_PODFILE_DIR_PATH}/Podfile.lock",
				"${PODS_ROOT}/Manifest.lock",
			);
			name = "[CP] Check Pods Manifest.lock";
			outputFileListPaths = (
			);
			outputPaths = (
				"$(DERIVED_FILE_DIR)/Pods-myFirstProject-checkManifestLockResult.txt",
			);
			runOnlyForDeploymentPostprocessing = 0;
			shellPath = /bin/sh;
			shellScript = "diff \"${PODS_PODFILE_DIR_PATH}/Podfile.lock\" \"${PODS_ROOT}/Manifest.lock\" > /dev/null\nif [ $? != 0 ] ; then\n    # print error to STDERR\n    echo \"error: The sandbox is not in sync with the Podfile.lock. Run 'pod install' or update your CocoaPods installation.\" >&2\n    exit 1\nfi\n# This output is used by Xcode 'outputs' to avoid re-running this script phase.\necho \"SUCCESS\" > \"${SCRIPT_OUTPUT_FILE_0}\"\n";
			showEnvVarsInLog = 0;
		};
/* End PBXShellScriptBuildPhase section */

/* Begin PBXSourcesBuildPhase section */
		2636D39E284E4A9C00FB4DC2 /* Sources */ = {
			isa = PBXSourcesBuildPhase;
			buildActionMask = 2147483647;
			files = (
				26E8B4742851077F0073CAD0 /* PinterestLayout.swift in Sources */,
				2636D3AA284E4A9C00FB4DC2 /* ViewController.swift in Sources */,
				2636D3C5284E518600FB4DC2 /* AddRecoViewController.swift in Sources */,
				26DD9F152850222C0021B476 /* MyCollectionViewCell.swift in Sources */,
				2636D3A6284E4A9C00FB4DC2 /* AppDelegate.swift in Sources */,
				2636D3A8284E4A9C00FB4DC2 /* SceneDelegate.swift in Sources */,
				2636D3C3284E515300FB4DC2 /* HomeViewController.swift in Sources */,
				2621527E284E70D90046A1F1 /* SignUpViewController.swift in Sources */,
				2621527C284E6B460046A1F1 /* Recommendation.swift in Sources */,
				26215274284E52620046A1F1 /* RecoDetaillViewController.swift in Sources */,
			);
			runOnlyForDeploymentPostprocessing = 0;
		};
/* End PBXSourcesBuildPhase section */

/* Begin PBXVariantGroup section */
		2636D3AB284E4A9C00FB4DC2 /* Main.storyboard */ = {
			isa = PBXVariantGroup;
			children = (
				2636D3AC284E4A9C00FB4DC2 /* Base */,
			);
			name = Main.storyboard;
			sourceTree = "<group>";
		};
		2636D3B0284E4A9C00FB4DC2 /* LaunchScreen.storyboard */ = {
			isa = PBXVariantGroup;
			children = (
				2636D3B1284E4A9C00FB4DC2 /* Base */,
			);
			name = LaunchScreen.storyboard;
			sourceTree = "<group>";
		};
/* End PBXVariantGroup section */

/* Begin XCBuildConfiguration section */
		2636D3B4284E4A9C00FB4DC2 /* Debug */ = {
			isa = XCBuildConfiguration;
			buildSettings = {
				ALWAYS_SEARCH_USER_PATHS = NO;
				CLANG_ANALYZER_NONNULL = YES;
				CLANG_ANALYZER_NUMBER_OBJECT_CONVERSION = YES_AGGRESSIVE;
				CLANG_CXX_LANGUAGE_STANDARD = "gnu++17";
				CLANG_CXX_LIBRARY = "libc++";
				CLANG_ENABLE_MODULES = YES;
				CLANG_ENABLE_OBJC_ARC = YES;
				CLANG_ENABLE_OBJC_WEAK = YES;
				CLANG_WARN_BLOCK_CAPTURE_AUTORELEASING = YES;
				CLANG_WARN_BOOL_CONVERSION = YES;
				CLANG_WARN_COMMA = YES;
				CLANG_WARN_CONSTANT_CONVERSION = YES;
				CLANG_WARN_DEPRECATED_OBJC_IMPLEMENTATIONS = YES;
				CLANG_WARN_DIRECT_OBJC_ISA_USAGE = YES_ERROR;
				CLANG_WARN_DOCUMENTATION_COMMENTS = YES;
				CLANG_WARN_EMPTY_BODY = YES;
				CLANG_WARN_ENUM_CONVERSION = YES;
				CLANG_WARN_INFINITE_RECURSION = YES;
				CLANG_WARN_INT_CONVERSION = YES;
				CLANG_WARN_NON_LITERAL_NULL_CONVERSION = YES;
				CLANG_WARN_OBJC_IMPLICIT_RETAIN_SELF = YES;
				CLANG_WARN_OBJC_LITERAL_CONVERSION = YES;
				CLANG_WARN_OBJC_ROOT_CLASS = YES_ERROR;
				CLANG_WARN_QUOTED_INCLUDE_IN_FRAMEWORK_HEADER = YES;
				CLANG_WARN_RANGE_LOOP_ANALYSIS = YES;
				CLANG_WARN_STRICT_PROTOTYPES = YES;
				CLANG_WARN_SUSPICIOUS_MOVE = YES;
				CLANG_WARN_UNGUARDED_AVAILABILITY = YES_AGGRESSIVE;
				CLANG_WARN_UNREACHABLE_CODE = YES;
				CLANG_WARN__DUPLICATE_METHOD_MATCH = YES;
				COPY_PHASE_STRIP = NO;
				DEBUG_INFORMATION_FORMAT = dwarf;
				ENABLE_STRICT_OBJC_MSGSEND = YES;
				ENABLE_TESTABILITY = YES;
				GCC_C_LANGUAGE_STANDARD = gnu11;
				GCC_DYNAMIC_NO_PIC = NO;
				GCC_NO_COMMON_BLOCKS = YES;
				GCC_OPTIMIZATION_LEVEL = 0;
				GCC_PREPROCESSOR_DEFINITIONS = (
					"DEBUG=1",
					"$(inherited)",
				);
				GCC_WARN_64_TO_32_BIT_CONVERSION = YES;
				GCC_WARN_ABOUT_RETURN_TYPE = YES_ERROR;
				GCC_WARN_UNDECLARED_SELECTOR = YES;
				GCC_WARN_UNINITIALIZED_AUTOS = YES_AGGRESSIVE;
				GCC_WARN_UNUSED_FUNCTION = YES;
				GCC_WARN_UNUSED_VARIABLE = YES;
				IPHONEOS_DEPLOYMENT_TARGET = 15.2;
				MTL_ENABLE_DEBUG_INFO = INCLUDE_SOURCE;
				MTL_FAST_MATH = YES;
				ONLY_ACTIVE_ARCH = YES;
				SDKROOT = iphoneos;
				SWIFT_ACTIVE_COMPILATION_CONDITIONS = DEBUG;
				SWIFT_OPTIMIZATION_LEVEL = "-Onone";
			};
			name = Debug;
		};
		2636D3B5284E4A9C00FB4DC2 /* Release */ = {
			isa = XCBuildConfiguration;
			buildSettings = {
				ALWAYS_SEARCH_USER_PATHS = NO;
				CLANG_ANALYZER_NONNULL = YES;
				CLANG_ANALYZER_NUMBER_OBJECT_CONVERSION = YES_AGGRESSIVE;
				CLANG_CXX_LANGUAGE_STANDARD = "gnu++17";
				CLANG_CXX_LIBRARY = "libc++";
				CLANG_ENABLE_MODULES = YES;
				CLANG_ENABLE_OBJC_ARC = YES;
				CLANG_ENABLE_OBJC_WEAK = YES;
				CLANG_WARN_BLOCK_CAPTURE_AUTORELEASING = YES;
				CLANG_WARN_BOOL_CONVERSION = YES;
				CLANG_WARN_COMMA = YES;
				CLANG_WARN_CONSTANT_CONVERSION = YES;
				CLANG_WARN_DEPRECATED_OBJC_IMPLEMENTATIONS = YES;
				CLANG_WARN_DIRECT_OBJC_ISA_USAGE = YES_ERROR;
				CLANG_WARN_DOCUMENTATION_COMMENTS = YES;
				CLANG_WARN_EMPTY_BODY = YES;
				CLANG_WARN_ENUM_CONVERSION = YES;
				CLANG_WARN_INFINITE_RECURSION = YES;
				CLANG_WARN_INT_CONVERSION = YES;
				CLANG_WARN_NON_LITERAL_NULL_CONVERSION = YES;
				CLANG_WARN_OBJC_IMPLICIT_RETAIN_SELF = YES;
				CLANG_WARN_OBJC_LITERAL_CONVERSION = YES;
				CLANG_WARN_OBJC_ROOT_CLASS = YES_ERROR;
				CLANG_WARN_QUOTED_INCLUDE_IN_FRAMEWORK_HEADER = YES;
				CLANG_WARN_RANGE_LOOP_ANALYSIS = YES;
				CLANG_WARN_STRICT_PROTOTYPES = YES;
				CLANG_WARN_SUSPICIOUS_MOVE = YES;
				CLANG_WARN_UNGUARDED_AVAILABILITY = YES_AGGRESSIVE;
				CLANG_WARN_UNREACHABLE_CODE = YES;
				CLANG_WARN__DUPLICATE_METHOD_MATCH = YES;
				COPY_PHASE_STRIP = NO;
				DEBUG_INFORMATION_FORMAT = "dwarf-with-dsym";
				ENABLE_NS_ASSERTIONS = NO;
				ENABLE_STRICT_OBJC_MSGSEND = YES;
				GCC_C_LANGUAGE_STANDARD = gnu11;
				GCC_NO_COMMON_BLOCKS = YES;
				GCC_WARN_64_TO_32_BIT_CONVERSION = YES;
				GCC_WARN_ABOUT_RETURN_TYPE = YES_ERROR;
				GCC_WARN_UNDECLARED_SELECTOR = YES;
				GCC_WARN_UNINITIALIZED_AUTOS = YES_AGGRESSIVE;
				GCC_WARN_UNUSED_FUNCTION = YES;
				GCC_WARN_UNUSED_VARIABLE = YES;
				IPHONEOS_DEPLOYMENT_TARGET = 15.2;
				MTL_ENABLE_DEBUG_INFO = NO;
				MTL_FAST_MATH = YES;
				SDKROOT = iphoneos;
				SWIFT_COMPILATION_MODE = wholemodule;
				SWIFT_OPTIMIZATION_LEVEL = "-O";
				VALIDATE_PRODUCT = YES;
			};
			name = Release;
		};
		2636D3B7284E4A9C00FB4DC2 /* Debug */ = {
			isa = XCBuildConfiguration;
			baseConfigurationReference = B9875E4C20A9DEAEC58238DF /* Pods-myFirstProject.debug.xcconfig */;
			buildSettings = {
				ASSETCATALOG_COMPILER_APPICON_NAME = AppIcon;
				ASSETCATALOG_COMPILER_GLOBAL_ACCENT_COLOR_NAME = AccentColor;
				CODE_SIGN_STYLE = Automatic;
				CURRENT_PROJECT_VERSION = 1;
				DEVELOPMENT_TEAM = 897969UUNJ;
				GENERATE_INFOPLIST_FILE = YES;
				INFOPLIST_FILE = myFirstProject/Info.plist;
				INFOPLIST_KEY_UIApplicationSupportsIndirectInputEvents = YES;
				INFOPLIST_KEY_UILaunchStoryboardName = LaunchScreen;
				INFOPLIST_KEY_UIMainStoryboardFile = Main;
				INFOPLIST_KEY_UISupportedInterfaceOrientations_iPad = "UIInterfaceOrientationPortrait UIInterfaceOrientationPortraitUpsideDown UIInterfaceOrientationLandscapeLeft UIInterfaceOrientationLandscapeRight";
				INFOPLIST_KEY_UISupportedInterfaceOrientations_iPhone = "UIInterfaceOrientationPortrait UIInterfaceOrientationLandscapeLeft UIInterfaceOrientationLandscapeRight";
				LD_RUNPATH_SEARCH_PATHS = (
					"$(inherited)",
					"@executable_path/Frameworks",
				);
				MARKETING_VERSION = 1.0;
				PRODUCT_BUNDLE_IDENTIFIER = com.example.myFirstProject;
				PRODUCT_NAME = "$(TARGET_NAME)";
				SWIFT_EMIT_LOC_STRINGS = YES;
				SWIFT_VERSION = 5.0;
				TARGETED_DEVICE_FAMILY = "1,2";
			};
			name = Debug;
		};
		2636D3B8284E4A9C00FB4DC2 /* Release */ = {
			isa = XCBuildConfiguration;
			baseConfigurationReference = 77AEA98EFF8C8F66FC18EBC1 /* Pods-myFirstProject.release.xcconfig */;
			buildSettings = {
				ASSETCATALOG_COMPILER_APPICON_NAME = AppIcon;
				ASSETCATALOG_COMPILER_GLOBAL_ACCENT_COLOR_NAME = AccentColor;
				CODE_SIGN_STYLE = Automatic;
				CURRENT_PROJECT_VERSION = 1;
				DEVELOPMENT_TEAM = 897969UUNJ;
				GENERATE_INFOPLIST_FILE = YES;
				INFOPLIST_FILE = myFirstProject/Info.plist;
				INFOPLIST_KEY_UIApplicationSupportsIndirectInputEvents = YES;
				INFOPLIST_KEY_UILaunchStoryboardName = LaunchScreen;
				INFOPLIST_KEY_UIMainStoryboardFile = Main;
				INFOPLIST_KEY_UISupportedInterfaceOrientations_iPad = "UIInterfaceOrientationPortrait UIInterfaceOrientationPortraitUpsideDown UIInterfaceOrientationLandscapeLeft UIInterfaceOrientationLandscapeRight";
				INFOPLIST_KEY_UISupportedInterfaceOrientations_iPhone = "UIInterfaceOrientationPortrait UIInterfaceOrientationLandscapeLeft UIInterfaceOrientationLandscapeRight";
				LD_RUNPATH_SEARCH_PATHS = (
					"$(inherited)",
					"@executable_path/Frameworks",
				);
				MARKETING_VERSION = 1.0;
				PRODUCT_BUNDLE_IDENTIFIER = com.example.myFirstProject;
				PRODUCT_NAME = "$(TARGET_NAME)";
				SWIFT_EMIT_LOC_STRINGS = YES;
				SWIFT_VERSION = 5.0;
				TARGETED_DEVICE_FAMILY = "1,2";
			};
			name = Release;
		};
/* End XCBuildConfiguration section */

/* Begin XCConfigurationList section */
		2636D39D284E4A9C00FB4DC2 /* Build configuration list for PBXProject "myFirstProject" */ = {
			isa = XCConfigurationList;
			buildConfigurations = (
				2636D3B4284E4A9C00FB4DC2 /* Debug */,
				2636D3B5284E4A9C00FB4DC2 /* Release */,
			);
			defaultConfigurationIsVisible = 0;
			defaultConfigurationName = Release;
		};
		2636D3B6284E4A9C00FB4DC2 /* Build configuration list for PBXNativeTarget "myFirstProject" */ = {
			isa = XCConfigurationList;
			buildConfigurations = (
				2636D3B7284E4A9C00FB4DC2 /* Debug */,
				2636D3B8284E4A9C00FB4DC2 /* Release */,
			);
			defaultConfigurationIsVisible = 0;
			defaultConfigurationName = Release;
		};
/* End XCConfigurationList section */

/* Begin XCRemoteSwiftPackageReference section */
		2636D3B9284E4D3300FB4DC2 /* XCRemoteSwiftPackageReference "firebase-ios-sdk.git" */ = {
			isa = XCRemoteSwiftPackageReference;
			repositoryURL = "https://github.com/firebase/firebase-ios-sdk.git";
			requirement = {
				kind = upToNextMajorVersion;
				minimumVersion = 9.0.0;
			};
		};
/* End XCRemoteSwiftPackageReference section */

/* Begin XCSwiftPackageProductDependency section */
		2636D3BA284E4D3300FB4DC2 /* FirebaseAuth */ = {
			isa = XCSwiftPackageProductDependency;
			package = 2636D3B9284E4D3300FB4DC2 /* XCRemoteSwiftPackageReference "firebase-ios-sdk.git" */;
			productName = FirebaseAuth;
		};
		2636D3BC284E4D3300FB4DC2 /* FirebaseDatabase */ = {
			isa = XCSwiftPackageProductDependency;
			package = 2636D3B9284E4D3300FB4DC2 /* XCRemoteSwiftPackageReference "firebase-ios-sdk.git" */;
			productName = FirebaseDatabase;
		};
		2636D3BE284E4D3300FB4DC2 /* FirebaseFirestore */ = {
			isa = XCSwiftPackageProductDependency;
			package = 2636D3B9284E4D3300FB4DC2 /* XCRemoteSwiftPackageReference "firebase-ios-sdk.git" */;
			productName = FirebaseFirestore;
		};
		2636D3C0284E4D3300FB4DC2 /* FirebaseStorage */ = {
			isa = XCSwiftPackageProductDependency;
			package = 2636D3B9284E4D3300FB4DC2 /* XCRemoteSwiftPackageReference "firebase-ios-sdk.git" */;
			productName = FirebaseStorage;
		};
/* End XCSwiftPackageProductDependency section */
	};
	rootObject = 2636D39A284E4A9C00FB4DC2 /* Project object */;
}
